// !$*UTF8*$!
{
	archiveVersion = 1;
	classes = {
	};
	objectVersion = 56;
	objects = {

/* Begin PBXBuildFile section */
		10A1001C2C00000100100000 /* AirAutoLinkApp.swift in Sources */ = {isa = PBXBuildFile; fileRef = 10A1000A2C00000100100000 /* AirAutoLinkApp.swift */; };
		10A1001D2C00000100100000 /* AppState.swift in Sources */ = {isa = PBXBuildFile; fileRef = 10A1000B2C00000100100000 /* AppState.swift */; };
		10A1001E2C00000100100000 /* MenuBarView.swift in Sources */ = {isa = PBXBuildFile; fileRef = 10A1000C2C00000100100000 /* MenuBarView.swift */; };
		10A1001F2C00000100100000 /* BluetoothAudioDevice.swift in Sources */ = {isa = PBXBuildFile; fileRef = 10A1000D2C00000100100000 /* BluetoothAudioDevice.swift */; };
		10A100202C00000100100000 /* ConnectionStatus.swift in Sources */ = {isa = PBXBuildFile; fileRef = 10A1000E2C00000100100000 /* ConnectionStatus.swift */; };
		10A100212C00000100100000 /* SettingsStore.swift in Sources */ = {isa = PBXBuildFile; fileRef = 10A1000F2C00000100100000 /* SettingsStore.swift */; };
		10A100222C00000100100000 /* BluetoothDeviceService.swift in Sources */ = {isa = PBXBuildFile; fileRef = 10A100102C00000100100000 /* BluetoothDeviceService.swift */; };
		10A100232C00000100100000 /* AudioRouteService.swift in Sources */ = {isa = PBXBuildFile; fileRef = 10A100112C00000100100000 /* AudioRouteService.swift */; };
		10A100242C00000100100000 /* ReconnectCoordinator.swift in Sources */ = {isa = PBXBuildFile; fileRef = 10A100122C00000100100000 /* ReconnectCoordinator.swift */; };
		10A1002E2C00000100100000 /* MainWindowView.swift in Sources */ = {isa = PBXBuildFile; fileRef = 10A100142C00000100100000 /* MainWindowView.swift */; };
		10A100252C00000100100000 /* IOBluetooth.framework in Frameworks */ = {isa = PBXBuildFile; fileRef = 10A100182C00000100100000 /* IOBluetooth.framework */; };
		10A100262C00000100100000 /* CoreAudio.framework in Frameworks */ = {isa = PBXBuildFile; fileRef = 10A100192C00000100100000 /* CoreAudio.framework */; };
		10A100272C00000100100000 /* ServiceManagement.framework in Frameworks */ = {isa = PBXBuildFile; fileRef = 10A1001A2C00000100100000 /* ServiceManagement.framework */; };
		217F1C23ABACB4E495563A47 /* Assets.xcassets in Resources */ = {isa = PBXBuildFile; fileRef = 2FED195CFD91F4B5914DFFD9 /* Assets.xcassets */; };
/* End PBXBuildFile section */

/* Begin PBXFileReference section */
		10A100012C00000100100000 /* AirAutoLink.app */ = {isa = PBXFileReference; explicitFileType = wrapper.application; includeInIndex = 0; path = AirAutoLink.app; sourceTree = BUILT_PRODUCTS_DIR; };
		10A1000A2C00000100100000 /* AirAutoLinkApp.swift */ = {isa = PBXFileReference; lastKnownFileType = sourcecode.swift; path = AirAutoLinkApp.swift; sourceTree = "<group>"; };
		10A1000B2C00000100100000 /* AppState.swift */ = {isa = PBXFileReference; lastKnownFileType = sourcecode.swift; path = AppState.swift; sourceTree = "<group>"; };
		10A1000C2C00000100100000 /* MenuBarView.swift */ = {isa = PBXFileReference; lastKnownFileType = sourcecode.swift; path = MenuBarView.swift; sourceTree = "<group>"; };
		10A1000D2C00000100100000 /* BluetoothAudioDevice.swift */ = {isa = PBXFileReference; lastKnownFileType = sourcecode.swift; path = BluetoothAudioDevice.swift; sourceTree = "<group>"; };
		10A1000E2C00000100100000 /* ConnectionStatus.swift */ = {isa = PBXFileReference; lastKnownFileType = sourcecode.swift; path = ConnectionStatus.swift; sourceTree = "<group>"; };
		10A1000F2C00000100100000 /* SettingsStore.swift */ = {isa = PBXFileReference; lastKnownFileType = sourcecode.swift; path = SettingsStore.swift; sourceTree = "<group>"; };
		10A100102C00000100100000 /* BluetoothDeviceService.swift */ = {isa = PBXFileReference; lastKnownFileType = sourcecode.swift; path = BluetoothDeviceService.swift; sourceTree = "<group>"; };
		10A100112C00000100100000 /* AudioRouteService.swift */ = {isa = PBXFileReference; lastKnownFileType = sourcecode.swift; path = AudioRouteService.swift; sourceTree = "<group>"; };
		10A100122C00000100100000 /* ReconnectCoordinator.swift */ = {isa = PBXFileReference; lastKnownFileType = sourcecode.swift; path = ReconnectCoordinator.swift; sourceTree = "<group>"; };
		10A100132C00000100100000 /* Info.plist */ = {isa = PBXFileReference; lastKnownFileType = text.plist.xml; path = Info.plist; sourceTree = "<group>"; };
		10A100142C00000100100000 /* MainWindowView.swift */ = {isa = PBXFileReference; lastKnownFileType = sourcecode.swift; path = MainWindowView.swift; sourceTree = "<group>"; };
		10A100182C00000100100000 /* IOBluetooth.framework */ = {isa = PBXFileReference; lastKnownFileType = wrapper.framework; name = IOBluetooth.framework; path = System/Library/Frameworks/IOBluetooth.framework; sourceTree = SDKROOT; };
		10A100192C00000100100000 /* CoreAudio.framework */ = {isa = PBXFileReference; lastKnownFileType = wrapper.framework; name = CoreAudio.framework; path = System/Library/Frameworks/CoreAudio.framework; sourceTree = SDKROOT; };
		10A1001A2C00000100100000 /* ServiceManagement.framework */ = {isa = PBXFileReference; lastKnownFileType = wrapper.framework; name = ServiceManagement.framework; path = System/Library/Frameworks/ServiceManagement.framework; sourceTree = SDKROOT; };
		2FED195CFD91F4B5914DFFD9 /* Assets.xcassets */ = {isa = PBXFileReference; includeInIndex = 1; lastKnownFileType = folder.assetcatalog; path = Assets.xcassets; sourceTree = "<group>"; };
/* End PBXFileReference section */

/* Begin PBXFrameworksBuildPhase section */
		10A100062C00000100100000 /* Frameworks */ = {
			isa = PBXFrameworksBuildPhase;
			buildActionMask = 2147483647;
			files = (
				10A100252C00000100100000 /* IOBluetooth.framework in Frameworks */,
				10A100262C00000100100000 /* CoreAudio.framework in Frameworks */,
				10A100272C00000100100000 /* ServiceManagement.framework in Frameworks */,
			);
			runOnlyForDeploymentPostprocessing = 0;
		};
/* End PBXFrameworksBuildPhase section */

/* Begin PBXGroup section */
		10A100002C00000100100000 = {
			isa = PBXGroup;
			children = (
				10A100092C00000100100000 /* AirAutoLink */,
				10A100172C00000100100000 /* Frameworks */,
				10A100082C00000100100000 /* Products */,
			);
			sourceTree = "<group>";
		};
		10A100082C00000100100000 /* Products */ = {
			isa = PBXGroup;
			children = (
				10A100012C00000100100000 /* AirAutoLink.app */,
			);
			name = Products;
			sourceTree = "<group>";
		};
		10A100092C00000100100000 /* AirAutoLink */ = {
			isa = PBXGroup;
			children = (
				10A1000A2C00000100100000 /* AirAutoLinkApp.swift */,
				10A1000B2C00000100100000 /* AppState.swift */,
				10A1000C2C00000100100000 /* MenuBarView.swift */,
				10A1000D2C00000100100000 /* BluetoothAudioDevice.swift */,
				10A1000E2C00000100100000 /* ConnectionStatus.swift */,
				10A1000F2C00000100100000 /* SettingsStore.swift */,
				10A100102C00000100100000 /* BluetoothDeviceService.swift */,
				10A100112C00000100100000 /* AudioRouteService.swift */,
				10A100122C00000100100000 /* ReconnectCoordinator.swift */,
				10A100142C00000100100000 /* MainWindowView.swift */,
				10A100132C00000100100000 /* Info.plist */,
				2FED195CFD91F4B5914DFFD9 /* Assets.xcassets */,
			);
			path = AirAutoLink;
			sourceTree = "<group>";
		};
		10A100172C00000100100000 /* Frameworks */ = {
			isa = PBXGroup;
			children = (
				10A100182C00000100100000 /* IOBluetooth.framework */,
				10A100192C00000100100000 /* CoreAudio.framework */,
				10A1001A2C00000100100000 /* ServiceManagement.framework */,
			);
			name = Frameworks;
			sourceTree = "<group>";
		};
/* End PBXGroup section */

/* Begin PBXNativeTarget section */
		10A100022C00000100100000 /* AirAutoLink */ = {
			isa = PBXNativeTarget;
			buildConfigurationList = 10A1002B2C00000100100000 /* Build configuration list for PBXNativeTarget "AirAutoLink" */;
			buildPhases = (
				10A100052C00000100100000 /* Sources */,
				10A100062C00000100100000 /* Frameworks */,
				D77545C0C949CD7AAE5C8539 /* Resources */,
			);
			buildRules = (
			);
			dependencies = (
			);
			name = AirAutoLink;
			productName = AirAutoLink;
			productReference = 10A100012C00000100100000 /* AirAutoLink.app */;
			productType = "com.apple.product-type.application";
		};
/* End PBXNativeTarget section */

/* Begin PBXProject section */
		10A100032C00000100100000 /* Project object */ = {
			isa = PBXProject;
			attributes = {
				BuildIndependentTargetsInParallel = 1;
				LastSwiftUpdateCheck = 2650;
				LastUpgradeCheck = 2650;
				TargetAttributes = {
					10A100022C00000100100000 = {
						CreatedOnToolsVersion = 26.5;
					};
				};
			};
			buildConfigurationList = 10A100042C00000100100000 /* Build configuration list for PBXProject "AirAutoLink" */;
			compatibilityVersion = "Xcode 15.0";
			developmentRegion = en;
			hasScannedForEncodings = 0;
			knownRegions = (
				en,
				Base,
			);
			mainGroup = 10A100002C00000100100000;
			productRefGroup = 10A100082C00000100100000 /* Products */;
			projectDirPath = "";
			projectRoot = "";
			targets = (
				10A100022C00000100100000 /* AirAutoLink */,
			);
		};
/* End PBXProject section */

/* Begin PBXResourcesBuildPhase section */
		D77545C0C949CD7AAE5C8539 /* Resources */ = {
			isa = PBXResourcesBuildPhase;
			buildActionMask = 2147483647;
			files = (
				217F1C23ABACB4E495563A47 /* Assets.xcassets in Resources */,
			);
			runOnlyForDeploymentPostprocessing = 0;
		};
/* End PBXResourcesBuildPhase section */

/* Begin PBXSourcesBuildPhase section */
		10A100052C00000100100000 /* Sources */ = {
			isa = PBXSourcesBuildPhase;
			buildActionMask = 2147483647;
			files = (
				10A1001C2C00000100100000 /* AirAutoLinkApp.swift in Sources */,
				10A1001D2C00000100100000 /* AppState.swift in Sources */,
				10A1001E2C00000100100000 /* MenuBarView.swift in Sources */,
				10A1001F2C00000100100000 /* BluetoothAudioDevice.swift in Sources */,
				10A100202C00000100100000 /* ConnectionStatus.swift in Sources */,
				10A100212C00000100100000 /* SettingsStore.swift in Sources */,
				10A100222C00000100100000 /* BluetoothDeviceService.swift in Sources */,
				10A100232C00000100100000 /* AudioRouteService.swift in Sources */,
				10A100242C00000100100000 /* ReconnectCoordinator.swift in Sources */,
				10A1002E2C00000100100000 /* MainWindowView.swift in Sources */,
			);
			runOnlyForDeploymentPostprocessing = 0;
		};
/* End PBXSourcesBuildPhase section */

/* Begin XCBuildConfiguration section */
		10A100282C00000100100000 /* Debug */ = {
			isa = XCBuildConfiguration;
			buildSettings = {
				ALWAYS_SEARCH_USER_PATHS = NO;
				CLANG_ANALYZER_NONNULL = YES;
				CLANG_ANALYZER_NUMBER_OBJECT_CONVERSION = YES_AGGRESSIVE;
				CLANG_CXX_LANGUAGE_STANDARD = "gnu++20";
				CLANG_ENABLE_MODULES = YES;
				CLANG_ENABLE_OBJC_ARC = YES;
				CLANG_ENABLE_OBJC_WEAK = YES;
				CLANG_WARN_BLOCK_CAPTURE_AUTORELEASING = YES;
				CLANG_WARN_BOOL_CONVERSION = YES;
				CLANG_WARN_COMMA = YES;
				CLANG_WARN_CONSTANT_CONVERSION = YES;
				CLANG_WARN_DEPRECATED_OBJC_IMPLEMENTATIONS = YES;
				CLANG_WARN_DIRECT_OBJC_ISA_USAGE = YES_ERROR;
				CLANG_WARN_DOCUMENTATION_COMMENTS = YES;
				CLANG_WARN_EMPTY_BODY = YES;
				CLANG_WARN_ENUM_CONVERSION = YES;
				CLANG_WARN_INFINITE_RECURSION = YES;
				CLANG_WARN_INT_CONVERSION = YES;
				CLANG_WARN_NON_LITERAL_NULL_CONVERSION = YES;
				CLANG_WARN_OBJC_IMPLICIT_RETAIN_SELF = YES;
				CLANG_WARN_OBJC_LITERAL_CONVERSION = YES;
				CLANG_WARN_OBJC_ROOT_CLASS = YES_ERROR;
				CLANG_WARN_QUOTED_INCLUDE_IN_FRAMEWORK_HEADER = YES;
				CLANG_WARN_RANGE_LOOP_ANALYSIS = YES;
				CLANG_WARN_STRICT_PROTOTYPES = YES;
				CLANG_WARN_SUSPICIOUS_MOVE = YES;
				CLANG_WARN_UNGUARDED_AVAILABILITY = YES_AGGRESSIVE;
				CLANG_WARN_UNREACHABLE_CODE = YES;
				CLANG_WARN__DUPLICATE_METHOD_MATCH = YES;
				COPY_PHASE_STRIP = NO;
				DEBUG_INFORMATION_FORMAT = dwarf;
				ENABLE_STRICT_OBJC_MSGSEND = YES;
				ENABLE_TESTABILITY = YES;
				ENABLE_USER_SCRIPT_SANDBOXING = YES;
				GCC_C_LANGUAGE_STANDARD = gnu17;
				GCC_DYNAMIC_NO_PIC = NO;
				GCC_NO_COMMON_BLOCKS = YES;
				GCC_OPTIMIZATION_LEVEL = 0;
				GCC_PREPROCESSOR_DEFINITIONS = (
					"DEBUG=1",
					"$(inherited)",
				);
				GCC_WARN_64_TO_32_BIT_CONVERSION = YES;
				GCC_WARN_ABOUT_RETURN_TYPE = YES_ERROR;
				GCC_WARN_UNDECLARED_SELECTOR = YES;
				GCC_WARN_UNINITIALIZED_AUTOS = YES_AGGRESSIVE;
				GCC_WARN_UNUSED_FUNCTION = YES;
				GCC_WARN_UNUSED_VARIABLE = YES;
				MACOSX_DEPLOYMENT_TARGET = 15.0;
				MTL_ENABLE_DEBUG_INFO = INCLUDE_SOURCE;
				MTL_FAST_MATH = YES;
				ONLY_ACTIVE_ARCH = YES;
				SDKROOT = macosx;
				SUPPORTED_PLATFORMS = macosx;
				SUPPORTS_MACCATALYST = NO;
				SWIFT_ACTIVE_COMPILATION_CONDITIONS = DEBUG;
				SWIFT_OPTIMIZATION_LEVEL = "-Onone";
				SWIFT_STRICT_CONCURRENCY = minimal;
			};
			name = Debug;
		};
		10A100292C00000100100000 /* Release */ = {
			isa = XCBuildConfiguration;
			buildSettings = {
				ALWAYS_SEARCH_USER_PATHS = NO;
				CLANG_ANALYZER_NONNULL = YES;
				CLANG_ANALYZER_NUMBER_OBJECT_CONVERSION = YES_AGGRESSIVE;
				CLANG_CXX_LANGUAGE_STANDARD = "gnu++20";
				CLANG_ENABLE_MODULES = YES;
				CLANG_ENABLE_OBJC_ARC = YES;
				CLANG_ENABLE_OBJC_WEAK = YES;
				CLANG_WARN_BLOCK_CAPTURE_AUTORELEASING = YES;
				CLANG_WARN_BOOL_CONVERSION = YES;
				CLANG_WARN_COMMA = YES;
				CLANG_WARN_CONSTANT_CONVERSION = YES;
				CLANG_WARN_DEPRECATED_OBJC_IMPLEMENTATIONS = YES;
				CLANG_WARN_DIRECT_OBJC_ISA_USAGE = YES_ERROR;
				CLANG_WARN_DOCUMENTATION_COMMENTS = YES;
				CLANG_WARN_EMPTY_BODY = YES;
				CLANG_WARN_ENUM_CONVERSION = YES;
				CLANG_WARN_INFINITE_RECURSION = YES;
				CLANG_WARN_INT_CONVERSION = YES;
				CLANG_WARN_NON_LITERAL_NULL_CONVERSION = YES;
				CLANG_WARN_OBJC_IMPLICIT_RETAIN_SELF = YES;
				CLANG_WARN_OBJC_LITERAL_CONVERSION = YES;
				CLANG_WARN_OBJC_ROOT_CLASS = YES_ERROR;
				CLANG_WARN_QUOTED_INCLUDE_IN_FRAMEWORK_HEADER = YES;
				CLANG_WARN_RANGE_LOOP_ANALYSIS = YES;
				CLANG_WARN_STRICT_PROTOTYPES = YES;
				CLANG_WARN_SUSPICIOUS_MOVE = YES;
				CLANG_WARN_UNGUARDED_AVAILABILITY = YES_AGGRESSIVE;
				CLANG_WARN_UNREACHABLE_CODE = YES;
				CLANG_WARN__DUPLICATE_METHOD_MATCH = YES;
				COPY_PHASE_STRIP = NO;
				DEBUG_INFORMATION_FORMAT = "dwarf-with-dsym";
				ENABLE_NS_ASSERTIONS = NO;
				ENABLE_STRICT_OBJC_MSGSEND = YES;
				ENABLE_USER_SCRIPT_SANDBOXING = YES;
				GCC_C_LANGUAGE_STANDARD = gnu17;
				GCC_NO_COMMON_BLOCKS = YES;
				GCC_WARN_64_TO_32_BIT_CONVERSION = YES;
				GCC_WARN_ABOUT_RETURN_TYPE = YES_ERROR;
				GCC_WARN_UNDECLARED_SELECTOR = YES;
				GCC_WARN_UNINITIALIZED_AUTOS = YES_AGGRESSIVE;
				GCC_WARN_UNUSED_FUNCTION = YES;
				GCC_WARN_UNUSED_VARIABLE = YES;
				MACOSX_DEPLOYMENT_TARGET = 15.0;
				MTL_ENABLE_DEBUG_INFO = NO;
				MTL_FAST_MATH = YES;
				SDKROOT = macosx;
				SUPPORTED_PLATFORMS = macosx;
				SUPPORTS_MACCATALYST = NO;
				SWIFT_COMPILATION_MODE = wholemodule;
				SWIFT_OPTIMIZATION_LEVEL = "-O";
				SWIFT_STRICT_CONCURRENCY = minimal;
			};
			name = Release;
		};
		10A1002C2C00000100100000 /* Debug */ = {
			isa = XCBuildConfiguration;
			buildSettings = {
				ASSETCATALOG_COMPILER_APPICON_NAME = AppIcon;
				CODE_SIGN_IDENTITY = "-";
				CODE_SIGN_STYLE = Manual;
				CURRENT_PROJECT_VERSION = 3;
				DEVELOPMENT_ASSET_PATHS = "";
				DEVELOPMENT_LANGUAGE = en;
				GENERATE_INFOPLIST_FILE = NO;
				INFOPLIST_FILE = AirAutoLink/Info.plist;
				LD_RUNPATH_SEARCH_PATHS = (
					"$(inherited)",
					"@executable_path/../Frameworks",
				);
				MARKETING_VERSION = 1.0.3;
				PRODUCT_BUNDLE_IDENTIFIER = com.zombie.AirAutoLink;
				PRODUCT_NAME = "$(TARGET_NAME)";
				SUPPORTED_PLATFORMS = macosx;
				SUPPORTS_MACCATALYST = NO;
				SUPPORTS_MAC_DESIGNED_FOR_IPHONE_IPAD = NO;
				SWIFT_EMIT_LOC_STRINGS = YES;
				SWIFT_VERSION = 6.0;
			};
			name = Debug;
		};
		10A1002D2C00000100100000 /* Release */ = {
			isa = XCBuildConfiguration;
			buildSettings = {
				ASSETCATALOG_COMPILER_APPICON_NAME = AppIcon;
				CODE_SIGN_IDENTITY = "-";
				CODE_SIGN_STYLE = Manual;
				CURRENT_PROJECT_VERSION = 3;
				DEVELOPMENT_ASSET_PATHS = "";
				DEVELOPMENT_LANGUAGE = en;
				GENERATE_INFOPLIST_FILE = NO;
				INFOPLIST_FILE = AirAutoLink/Info.plist;
				LD_RUNPATH_SEARCH_PATHS = (
					"$(inherited)",
					"@executable_path/../Frameworks",
				);
				MARKETING_VERSION = 1.0.3;
				PRODUCT_BUNDLE_IDENTIFIER = com.zombie.AirAutoLink;
				PRODUCT_NAME = "$(TARGET_NAME)";
				SUPPORTED_PLATFORMS = macosx;
				SUPPORTS_MACCATALYST = NO;
				SUPPORTS_MAC_DESIGNED_FOR_IPHONE_IPAD = NO;
				SWIFT_EMIT_LOC_STRINGS = YES;
				SWIFT_VERSION = 6.0;
			};
			name = Release;
		};
/* End XCBuildConfiguration section */

/* Begin XCConfigurationList section */
		10A100042C00000100100000 /* Build configuration list for PBXProject "AirAutoLink" */ = {
			isa = XCConfigurationList;
			buildConfigurations = (
				10A100282C00000100100000 /* Debug */,
				10A100292C00000100100000 /* Release */,
			);
			defaultConfigurationIsVisible = 0;
			defaultConfigurationName = Release;
		};
		10A1002B2C00000100100000 /* Build configuration list for PBXNativeTarget "AirAutoLink" */ = {
			isa = XCConfigurationList;
			buildConfigurations = (
				10A1002C2C00000100100000 /* Debug */,
				10A1002D2C00000100100000 /* Release */,
			);
			defaultConfigurationIsVisible = 0;
			defaultConfigurationName = Release;
		};
/* End XCConfigurationList section */
	};
	rootObject = 10A100032C00000100100000 /* Project object */;
}
